// !$*UTF8*$!
{
	archiveVersion = 1;
	classes = {
	};
	objectVersion = 56;
	objects = {

/* Begin PBXBuildFile section */
		046327152C107A11006982CF /* MacOSApp.swift in Sources */ = {isa = PBXBuildFile; fileRef = 046327142C107A11006982CF /* MacOSApp.swift */; };
		046327172C107A11006982CF /* ContentView.swift in Sources */ = {isa = PBXBuildFile; fileRef = 046327162C107A11006982CF /* ContentView.swift */; };
		046327192C107A13006982CF /* Assets.xcassets in Resources */ = {isa = PBXBuildFile; fileRef = 046327182C107A13006982CF /* Assets.xcassets */; };
		0463271C2C107A13006982CF /* Preview Assets.xcassets in Resources */ = {isa = PBXBuildFile; fileRef = 0463271B2C107A13006982CF /* Preview Assets.xcassets */; };
		046327212C107A67006982CF /* MacProfileView.swift in Sources */ = {isa = PBXBuildFile; fileRef = 046327042C107754006982CF /* MacProfileView.swift */; };
		046327222C107A6B006982CF /* MacHomepageView.swift in Sources */ = {isa = PBXBuildFile; fileRef = 046327062C107769006982CF /* MacHomepageView.swift */; };
		046327232C107A6B006982CF /* MacListsRecipe.swift in Sources */ = {isa = PBXBuildFile; fileRef = 0412C2C22C08354800E32B96 /* MacListsRecipe.swift */; };
		046327242C107A6B006982CF /* MacDetailRecipe.swift in Sources */ = {isa = PBXBuildFile; fileRef = 0463270A2C1077CA006982CF /* MacDetailRecipe.swift */; };
		046327272C1081CD006982CF /* Assets.xcassets in Resources */ = {isa = PBXBuildFile; fileRef = 7B934ADD2C063B0C00185089 /* Assets.xcassets */; };
		046C9F022C09783F00B2200E /* ProfileView.swift in Sources */ = {isa = PBXBuildFile; fileRef = 046C9F012C09783F00B2200E /* ProfileView.swift */; };
		046D15C02C119E8000A79179 /* SidebarView.swift in Sources */ = {isa = PBXBuildFile; fileRef = 046D15BF2C119E8000A79179 /* SidebarView.swift */; };
		0483DC012C0851E700810FAB /* ScreenSizeDetector.swift in Sources */ = {isa = PBXBuildFile; fileRef = 0483DC002C0851E700810FAB /* ScreenSizeDetector.swift */; };
		0497132E2C13419B00EDA501 /* Helper.swift in Sources */ = {isa = PBXBuildFile; fileRef = 0497132D2C13419B00EDA501 /* Helper.swift */; };
		0497132F2C1341AC00EDA501 /* Helper.swift in Sources */ = {isa = PBXBuildFile; fileRef = 0497132D2C13419B00EDA501 /* Helper.swift */; };
		04EE86362C10363800DD182E /* RecipeRepository.swift in Sources */ = {isa = PBXBuildFile; fileRef = 04EE86352C10363800DD182E /* RecipeRepository.swift */; };
		04EE86382C10379900DD182E /* ListsRecipeViewModel.swift in Sources */ = {isa = PBXBuildFile; fileRef = 04EE86372C10379900DD182E /* ListsRecipeViewModel.swift */; };
		04EE863A2C1037FD00DD182E /* ProfileViewModel.swift in Sources */ = {isa = PBXBuildFile; fileRef = 04EE86392C1037FD00DD182E /* ProfileViewModel.swift */; };
		04EE863C2C10382B00DD182E /* DailyStatsRepository.swift in Sources */ = {isa = PBXBuildFile; fileRef = 04EE863B2C10382B00DD182E /* DailyStatsRepository.swift */; };
		04EE86402C10530400DD182E /* ModelContainers.swift in Sources */ = {isa = PBXBuildFile; fileRef = 04EE863F2C10530400DD182E /* ModelContainers.swift */; };
		3FEF106D2C083B20003A5F72 /* User.swift in Sources */ = {isa = PBXBuildFile; fileRef = 3FEF106C2C083B20003A5F72 /* User.swift */; };
		3FEF10732C083F8C003A5F72 /* ListsRecipe.swift in Sources */ = {isa = PBXBuildFile; fileRef = 3FEF10722C083F8C003A5F72 /* ListsRecipe.swift */; };
		7B1E89C02C123D580069038C /* CalorieManager.swift in Sources */ = {isa = PBXBuildFile; fileRef = 7B1E89BF2C123D580069038C /* CalorieManager.swift */; };
		7B3AB89D2C12B82C005E4D81 /* GenerativeAI-Info.plist in Resources */ = {isa = PBXBuildFile; fileRef = 7B5F6A4D2C0F9F8400A34CCD /* GenerativeAI-Info.plist */; };
		7B3AB89E2C12B82F005E4D81 /* APIKey.swift in Sources */ = {isa = PBXBuildFile; fileRef = 7B5F6A4F2C0F9FE000A34CCD /* APIKey.swift */; };
		7B3AB8A12C12B9CE005E4D81 /* OpenAISwift in Frameworks */ = {isa = PBXBuildFile; productRef = 7B3AB8A02C12B9CE005E4D81 /* OpenAISwift */; };
		7B3AB8A32C12B9CE005E4D81 /* OpenAI in Frameworks */ = {isa = PBXBuildFile; productRef = 7B3AB8A22C12B9CE005E4D81 /* OpenAI */; };
		7B3AB8A52C12B9CE005E4D81 /* GoogleGenerativeAI in Frameworks */ = {isa = PBXBuildFile; productRef = 7B3AB8A42C12B9CE005E4D81 /* GoogleGenerativeAI */; };
		7B3AB8A72C12F413005E4D81 /* DietPlanBenefitsView.swift in Sources */ = {isa = PBXBuildFile; fileRef = 7B3AB8A62C12F413005E4D81 /* DietPlanBenefitsView.swift */; };
		7B3AB8A82C1304E2005E4D81 /* DailyStats.swift in Sources */ = {isa = PBXBuildFile; fileRef = 7B934AEA2C063F9000185089 /* DailyStats.swift */; };
		7B3AB8A92C1304E2005E4D81 /* User.swift in Sources */ = {isa = PBXBuildFile; fileRef = 3FEF106C2C083B20003A5F72 /* User.swift */; };
		7B3AB8AA2C1304E2005E4D81 /* ModelContainers.swift in Sources */ = {isa = PBXBuildFile; fileRef = 04EE863F2C10530400DD182E /* ModelContainers.swift */; };
		7B3AB8AB2C1304E2005E4D81 /* Recipe.swift in Sources */ = {isa = PBXBuildFile; fileRef = 7B934AEC2C06401800185089 /* Recipe.swift */; };
		7B3AB8AC2C1304E2005E4D81 /* AIResponse.swift in Sources */ = {isa = PBXBuildFile; fileRef = 7B5F6A432C0F501200A34CCD /* AIResponse.swift */; };
		7B3AB8AD2C1304E2005E4D81 /* CalorieManager.swift in Sources */ = {isa = PBXBuildFile; fileRef = 7B1E89BF2C123D580069038C /* CalorieManager.swift */; };
		7B3AB8AE2C1304EA005E4D81 /* DailyStatsRepository.swift in Sources */ = {isa = PBXBuildFile; fileRef = 04EE863B2C10382B00DD182E /* DailyStatsRepository.swift */; };
		7B3AB8AF2C1304EA005E4D81 /* ProfileViewModel.swift in Sources */ = {isa = PBXBuildFile; fileRef = 04EE86392C1037FD00DD182E /* ProfileViewModel.swift */; };
		7B3AB8B02C1304EA005E4D81 /* RecipeRepository.swift in Sources */ = {isa = PBXBuildFile; fileRef = 04EE86352C10363800DD182E /* RecipeRepository.swift */; };
		7B3AB8B12C1304EA005E4D81 /* ListsRecipeViewModel.swift in Sources */ = {isa = PBXBuildFile; fileRef = 04EE86372C10379900DD182E /* ListsRecipeViewModel.swift */; };
		7B3AB8B22C130CE2005E4D81 /* DietPlanBenefitsView.swift in Sources */ = {isa = PBXBuildFile; fileRef = 7B3AB8A62C12F413005E4D81 /* DietPlanBenefitsView.swift */; };
		7B5F6A442C0F501200A34CCD /* AIResponse.swift in Sources */ = {isa = PBXBuildFile; fileRef = 7B5F6A432C0F501200A34CCD /* AIResponse.swift */; };
		7B5F6A472C0F56CE00A34CCD /* OpenAISwift in Frameworks */ = {isa = PBXBuildFile; productRef = 7B5F6A462C0F56CE00A34CCD /* OpenAISwift */; };
		7B5F6A4A2C0F8EC400A34CCD /* OpenAI in Frameworks */ = {isa = PBXBuildFile; productRef = 7B5F6A492C0F8EC400A34CCD /* OpenAI */; };
		7B5F6A4E2C0F9F8400A34CCD /* GenerativeAI-Info.plist in Resources */ = {isa = PBXBuildFile; fileRef = 7B5F6A4D2C0F9F8400A34CCD /* GenerativeAI-Info.plist */; };
		7B5F6A502C0F9FE000A34CCD /* APIKey.swift in Sources */ = {isa = PBXBuildFile; fileRef = 7B5F6A4F2C0F9FE000A34CCD /* APIKey.swift */; };
		7B5F6A532C0FA1F000A34CCD /* GoogleGenerativeAI in Frameworks */ = {isa = PBXBuildFile; productRef = 7B5F6A522C0FA1F000A34CCD /* GoogleGenerativeAI */; };
		7B8AB3812C129FE60017EDA7 /* MacDetailsRecipe.swift in Sources */ = {isa = PBXBuildFile; fileRef = 7B8AB3802C129FE60017EDA7 /* MacDetailsRecipe.swift */; };
		7B934ADA2C063B0A00185089 /* NutriMate_v1App.swift in Sources */ = {isa = PBXBuildFile; fileRef = 7B934AD92C063B0A00185089 /* NutriMate_v1App.swift */; };
		7B934ADC2C063B0A00185089 /* ContentView.swift in Sources */ = {isa = PBXBuildFile; fileRef = 7B934ADB2C063B0A00185089 /* ContentView.swift */; };
		7B934ADE2C063B0C00185089 /* Assets.xcassets in Resources */ = {isa = PBXBuildFile; fileRef = 7B934ADD2C063B0C00185089 /* Assets.xcassets */; };
		7B934AE22C063B0C00185089 /* Preview Assets.xcassets in Resources */ = {isa = PBXBuildFile; fileRef = 7B934AE12C063B0C00185089 /* Preview Assets.xcassets */; };
		7B934AEB2C063F9000185089 /* DailyStats.swift in Sources */ = {isa = PBXBuildFile; fileRef = 7B934AEA2C063F9000185089 /* DailyStats.swift */; };
		7B934AED2C06401800185089 /* Recipe.swift in Sources */ = {isa = PBXBuildFile; fileRef = 7B934AEC2C06401800185089 /* Recipe.swift */; };
		7B934AF82C06427B00185089 /* iOSHomepageView.swift in Sources */ = {isa = PBXBuildFile; fileRef = 7B934AF72C06427B00185089 /* iOSHomepageView.swift */; };
		7BA47D8B2C0DB40C007854FB /* DetailRecipe.swift in Sources */ = {isa = PBXBuildFile; fileRef = 7BA47D8A2C0DB40C007854FB /* DetailRecipe.swift */; };
/* End PBXBuildFile section */

/* Begin PBXFileReference section */
		0412C2C22C08354800E32B96 /* MacListsRecipe.swift */ = {isa = PBXFileReference; lastKnownFileType = sourcecode.swift; path = MacListsRecipe.swift; sourceTree = "<group>"; };
		046327042C107754006982CF /* MacProfileView.swift */ = {isa = PBXFileReference; lastKnownFileType = sourcecode.swift; path = MacProfileView.swift; sourceTree = "<group>"; };
		046327062C107769006982CF /* MacHomepageView.swift */ = {isa = PBXFileReference; lastKnownFileType = sourcecode.swift; path = MacHomepageView.swift; sourceTree = "<group>"; };
		0463270A2C1077CA006982CF /* MacDetailRecipe.swift */ = {isa = PBXFileReference; lastKnownFileType = sourcecode.swift; path = MacDetailRecipe.swift; sourceTree = "<group>"; };
		046327122C107A11006982CF /* MacOS.app */ = {isa = PBXFileReference; explicitFileType = wrapper.application; includeInIndex = 0; path = MacOS.app; sourceTree = BUILT_PRODUCTS_DIR; };
		046327142C107A11006982CF /* MacOSApp.swift */ = {isa = PBXFileReference; lastKnownFileType = sourcecode.swift; path = MacOSApp.swift; sourceTree = "<group>"; };
		046327162C107A11006982CF /* ContentView.swift */ = {isa = PBXFileReference; lastKnownFileType = sourcecode.swift; path = ContentView.swift; sourceTree = "<group>"; };
		046327182C107A13006982CF /* Assets.xcassets */ = {isa = PBXFileReference; lastKnownFileType = folder.assetcatalog; path = Assets.xcassets; sourceTree = "<group>"; };
		0463271B2C107A13006982CF /* Preview Assets.xcassets */ = {isa = PBXFileReference; lastKnownFileType = folder.assetcatalog; path = "Preview Assets.xcassets"; sourceTree = "<group>"; };
		0463271D2C107A13006982CF /* MacOS.entitlements */ = {isa = PBXFileReference; lastKnownFileType = text.plist.entitlements; path = MacOS.entitlements; sourceTree = "<group>"; };
		046C9F012C09783F00B2200E /* ProfileView.swift */ = {isa = PBXFileReference; lastKnownFileType = sourcecode.swift; path = ProfileView.swift; sourceTree = "<group>"; };
		046D15BF2C119E8000A79179 /* SidebarView.swift */ = {isa = PBXFileReference; lastKnownFileType = sourcecode.swift; path = SidebarView.swift; sourceTree = "<group>"; };
		0483DC002C0851E700810FAB /* ScreenSizeDetector.swift */ = {isa = PBXFileReference; lastKnownFileType = sourcecode.swift; path = ScreenSizeDetector.swift; sourceTree = "<group>"; };
		0497132D2C13419B00EDA501 /* Helper.swift */ = {isa = PBXFileReference; lastKnownFileType = sourcecode.swift; path = Helper.swift; sourceTree = "<group>"; };
		04EE86352C10363800DD182E /* RecipeRepository.swift */ = {isa = PBXFileReference; lastKnownFileType = sourcecode.swift; path = RecipeRepository.swift; sourceTree = "<group>"; };
		04EE86372C10379900DD182E /* ListsRecipeViewModel.swift */ = {isa = PBXFileReference; lastKnownFileType = sourcecode.swift; path = ListsRecipeViewModel.swift; sourceTree = "<group>"; };
		04EE86392C1037FD00DD182E /* ProfileViewModel.swift */ = {isa = PBXFileReference; lastKnownFileType = sourcecode.swift; path = ProfileViewModel.swift; sourceTree = "<group>"; };
		04EE863B2C10382B00DD182E /* DailyStatsRepository.swift */ = {isa = PBXFileReference; lastKnownFileType = sourcecode.swift; path = DailyStatsRepository.swift; sourceTree = "<group>"; };
		04EE863F2C10530400DD182E /* ModelContainers.swift */ = {isa = PBXFileReference; lastKnownFileType = sourcecode.swift; path = ModelContainers.swift; sourceTree = "<group>"; };
		3FEF106C2C083B20003A5F72 /* User.swift */ = {isa = PBXFileReference; lastKnownFileType = sourcecode.swift; path = User.swift; sourceTree = "<group>"; };
		3FEF10722C083F8C003A5F72 /* ListsRecipe.swift */ = {isa = PBXFileReference; lastKnownFileType = sourcecode.swift; path = ListsRecipe.swift; sourceTree = "<group>"; };
		7B1E89BF2C123D580069038C /* CalorieManager.swift */ = {isa = PBXFileReference; lastKnownFileType = sourcecode.swift; path = CalorieManager.swift; sourceTree = "<group>"; };
		7B3AB8A62C12F413005E4D81 /* DietPlanBenefitsView.swift */ = {isa = PBXFileReference; lastKnownFileType = sourcecode.swift; path = DietPlanBenefitsView.swift; sourceTree = "<group>"; };
		7B5F6A432C0F501200A34CCD /* AIResponse.swift */ = {isa = PBXFileReference; lastKnownFileType = sourcecode.swift; path = AIResponse.swift; sourceTree = "<group>"; };
		7B5F6A4D2C0F9F8400A34CCD /* GenerativeAI-Info.plist */ = {isa = PBXFileReference; lastKnownFileType = text.plist.xml; path = "GenerativeAI-Info.plist"; sourceTree = "<group>"; };
		7B5F6A4F2C0F9FE000A34CCD /* APIKey.swift */ = {isa = PBXFileReference; lastKnownFileType = sourcecode.swift; path = APIKey.swift; sourceTree = "<group>"; };
		7B8AB3802C129FE60017EDA7 /* MacDetailsRecipe.swift */ = {isa = PBXFileReference; lastKnownFileType = sourcecode.swift; path = MacDetailsRecipe.swift; sourceTree = "<group>"; };
		7B934AD62C063B0A00185089 /* NutriMate_v1.app */ = {isa = PBXFileReference; explicitFileType = wrapper.application; includeInIndex = 0; path = NutriMate_v1.app; sourceTree = BUILT_PRODUCTS_DIR; };
		7B934AD92C063B0A00185089 /* NutriMate_v1App.swift */ = {isa = PBXFileReference; lastKnownFileType = sourcecode.swift; path = NutriMate_v1App.swift; sourceTree = "<group>"; };
		7B934ADB2C063B0A00185089 /* ContentView.swift */ = {isa = PBXFileReference; lastKnownFileType = sourcecode.swift; path = ContentView.swift; sourceTree = "<group>"; };
		7B934ADD2C063B0C00185089 /* Assets.xcassets */ = {isa = PBXFileReference; lastKnownFileType = folder.assetcatalog; path = Assets.xcassets; sourceTree = "<group>"; };
		7B934ADF2C063B0C00185089 /* NutriMate_v1.entitlements */ = {isa = PBXFileReference; lastKnownFileType = text.plist.entitlements; path = NutriMate_v1.entitlements; sourceTree = "<group>"; };
		7B934AE12C063B0C00185089 /* Preview Assets.xcassets */ = {isa = PBXFileReference; lastKnownFileType = folder.assetcatalog; path = "Preview Assets.xcassets"; sourceTree = "<group>"; };
		7B934AEA2C063F9000185089 /* DailyStats.swift */ = {isa = PBXFileReference; lastKnownFileType = sourcecode.swift; path = DailyStats.swift; sourceTree = "<group>"; };
		7B934AEC2C06401800185089 /* Recipe.swift */ = {isa = PBXFileReference; lastKnownFileType = sourcecode.swift; path = Recipe.swift; sourceTree = "<group>"; };
		7B934AF72C06427B00185089 /* iOSHomepageView.swift */ = {isa = PBXFileReference; lastKnownFileType = sourcecode.swift; path = iOSHomepageView.swift; sourceTree = "<group>"; };
		7BA47D8A2C0DB40C007854FB /* DetailRecipe.swift */ = {isa = PBXFileReference; lastKnownFileType = sourcecode.swift; path = DetailRecipe.swift; sourceTree = "<group>"; };
/* End PBXFileReference section */

/* Begin PBXFrameworksBuildPhase section */
		0463270F2C107A11006982CF /* Frameworks */ = {
			isa = PBXFrameworksBuildPhase;
			buildActionMask = 2147483647;
			files = (
				7B3AB8A52C12B9CE005E4D81 /* GoogleGenerativeAI in Frameworks */,
				7B3AB8A32C12B9CE005E4D81 /* OpenAI in Frameworks */,
				7B3AB8A12C12B9CE005E4D81 /* OpenAISwift in Frameworks */,
			);
			runOnlyForDeploymentPostprocessing = 0;
		};
		7B934AD32C063B0A00185089 /* Frameworks */ = {
			isa = PBXFrameworksBuildPhase;
			buildActionMask = 2147483647;
			files = (
				7B5F6A532C0FA1F000A34CCD /* GoogleGenerativeAI in Frameworks */,
				7B5F6A4A2C0F8EC400A34CCD /* OpenAI in Frameworks */,
				7B5F6A472C0F56CE00A34CCD /* OpenAISwift in Frameworks */,
			);
			runOnlyForDeploymentPostprocessing = 0;
		};
/* End PBXFrameworksBuildPhase section */

/* Begin PBXGroup section */
		04544C862C0C0DEC006106DA /* Controller */ = {
			isa = PBXGroup;
			children = (
				04EE86352C10363800DD182E /* RecipeRepository.swift */,
				04EE86372C10379900DD182E /* ListsRecipeViewModel.swift */,
				04EE86392C1037FD00DD182E /* ProfileViewModel.swift */,
				04EE863B2C10382B00DD182E /* DailyStatsRepository.swift */,
			);
			path = Controller;
			sourceTree = "<group>";
		};
		046327132C107A11006982CF /* MacOS */ = {
			isa = PBXGroup;
			children = (
				0412C2C22C08354800E32B96 /* MacListsRecipe.swift */,
				046327042C107754006982CF /* MacProfileView.swift */,
				046327062C107769006982CF /* MacHomepageView.swift */,
				0463270A2C1077CA006982CF /* MacDetailRecipe.swift */,
				046327142C107A11006982CF /* MacOSApp.swift */,
				046327162C107A11006982CF /* ContentView.swift */,
				046D15BF2C119E8000A79179 /* SidebarView.swift */,
				046327182C107A13006982CF /* Assets.xcassets */,
				0463271D2C107A13006982CF /* MacOS.entitlements */,
				0463271A2C107A13006982CF /* Preview Content */,
				7B8AB3802C129FE60017EDA7 /* MacDetailsRecipe.swift */,
			);
			path = MacOS;
			sourceTree = "<group>";
		};
		0463271A2C107A13006982CF /* Preview Content */ = {
			isa = PBXGroup;
			children = (
				0463271B2C107A13006982CF /* Preview Assets.xcassets */,
			);
			path = "Preview Content";
			sourceTree = "<group>";
		};
		7B3AB89F2C12B9CE005E4D81 /* Frameworks */ = {
			isa = PBXGroup;
			children = (
			);
			name = Frameworks;
			sourceTree = "<group>";
		};
		7B934ACD2C063B0A00185089 = {
			isa = PBXGroup;
			children = (
				7B934AD82C063B0A00185089 /* NutriMate_v1 */,
				046327132C107A11006982CF /* MacOS */,
				7B934AD72C063B0A00185089 /* Products */,
				7B3AB89F2C12B9CE005E4D81 /* Frameworks */,
			);
			sourceTree = "<group>";
		};
		7B934AD72C063B0A00185089 /* Products */ = {
			isa = PBXGroup;
			children = (
				7B934AD62C063B0A00185089 /* NutriMate_v1.app */,
				046327122C107A11006982CF /* MacOS.app */,
			);
			name = Products;
			sourceTree = "<group>";
		};
		7B934AD82C063B0A00185089 /* NutriMate_v1 */ = {
			isa = PBXGroup;
			children = (
				04544C862C0C0DEC006106DA /* Controller */,
				7B934AE82C063C9500185089 /* Model */,
				7B934AE92C063C9D00185089 /* View */,
				0497132D2C13419B00EDA501 /* Helper.swift */,
				7B934AD92C063B0A00185089 /* NutriMate_v1App.swift */,
				7B934ADB2C063B0A00185089 /* ContentView.swift */,
				0483DC002C0851E700810FAB /* ScreenSizeDetector.swift */,
				7B934ADD2C063B0C00185089 /* Assets.xcassets */,
				7B934ADF2C063B0C00185089 /* NutriMate_v1.entitlements */,
				7B934AE02C063B0C00185089 /* Preview Content */,
				7B5F6A4D2C0F9F8400A34CCD /* GenerativeAI-Info.plist */,
				7B5F6A4F2C0F9FE000A34CCD /* APIKey.swift */,
			);
			path = NutriMate_v1;
			sourceTree = "<group>";
		};
		7B934AE02C063B0C00185089 /* Preview Content */ = {
			isa = PBXGroup;
			children = (
				7B934AE12C063B0C00185089 /* Preview Assets.xcassets */,
			);
			path = "Preview Content";
			sourceTree = "<group>";
		};
		7B934AE82C063C9500185089 /* Model */ = {
			isa = PBXGroup;
			children = (
				7B934AEA2C063F9000185089 /* DailyStats.swift */,
				7B934AEC2C06401800185089 /* Recipe.swift */,
				3FEF106C2C083B20003A5F72 /* User.swift */,
				04EE863F2C10530400DD182E /* ModelContainers.swift */,
				7B5F6A432C0F501200A34CCD /* AIResponse.swift */,
				7B1E89BF2C123D580069038C /* CalorieManager.swift */,
			);
			path = Model;
			sourceTree = "<group>";
		};
		7B934AE92C063C9D00185089 /* View */ = {
			isa = PBXGroup;
			children = (
				7B934AEF2C06421900185089 /* iOS */,
			);
			path = View;
			sourceTree = "<group>";
		};
		7B934AEF2C06421900185089 /* iOS */ = {
			isa = PBXGroup;
			children = (
				046C9F012C09783F00B2200E /* ProfileView.swift */,
				7B934AF72C06427B00185089 /* iOSHomepageView.swift */,
				3FEF10722C083F8C003A5F72 /* ListsRecipe.swift */,
				7BA47D8A2C0DB40C007854FB /* DetailRecipe.swift */,
				7B3AB8A62C12F413005E4D81 /* DietPlanBenefitsView.swift */,
			);
			path = iOS;
			sourceTree = "<group>";
		};
/* End PBXGroup section */

/* Begin PBXNativeTarget section */
		046327112C107A11006982CF /* MacOS */ = {
			isa = PBXNativeTarget;
			buildConfigurationList = 0463271E2C107A13006982CF /* Build configuration list for PBXNativeTarget "MacOS" */;
			buildPhases = (
				0463270E2C107A11006982CF /* Sources */,
				0463270F2C107A11006982CF /* Frameworks */,
				046327102C107A11006982CF /* Resources */,
			);
			buildRules = (
			);
			dependencies = (
			);
			name = MacOS;
			packageProductDependencies = (
				7B3AB8A02C12B9CE005E4D81 /* OpenAISwift */,
				7B3AB8A22C12B9CE005E4D81 /* OpenAI */,
				7B3AB8A42C12B9CE005E4D81 /* GoogleGenerativeAI */,
			);
			productName = MacOS;
			productReference = 046327122C107A11006982CF /* MacOS.app */;
			productType = "com.apple.product-type.application";
		};
		7B934AD52C063B0A00185089 /* NutriMate_v1 */ = {
			isa = PBXNativeTarget;
			buildConfigurationList = 7B934AE52C063B0C00185089 /* Build configuration list for PBXNativeTarget "NutriMate_v1" */;
			buildPhases = (
				7B934AD22C063B0A00185089 /* Sources */,
				7B934AD32C063B0A00185089 /* Frameworks */,
				7B934AD42C063B0A00185089 /* Resources */,
			);
			buildRules = (
			);
			dependencies = (
			);
			name = NutriMate_v1;
			packageProductDependencies = (
				7B5F6A462C0F56CE00A34CCD /* OpenAISwift */,
				7B5F6A492C0F8EC400A34CCD /* OpenAI */,
				7B5F6A522C0FA1F000A34CCD /* GoogleGenerativeAI */,
			);
			productName = NutriMate_v1;
			productReference = 7B934AD62C063B0A00185089 /* NutriMate_v1.app */;
			productType = "com.apple.product-type.application";
		};
/* End PBXNativeTarget section */

/* Begin PBXProject section */
		7B934ACE2C063B0A00185089 /* Project object */ = {
			isa = PBXProject;
			attributes = {
				BuildIndependentTargetsInParallel = 1;
				LastSwiftUpdateCheck = 1530;
				LastUpgradeCheck = 1530;
				TargetAttributes = {
					046327112C107A11006982CF = {
						CreatedOnToolsVersion = 15.3;
					};
					7B934AD52C063B0A00185089 = {
						CreatedOnToolsVersion = 15.3;
					};
				};
			};
			buildConfigurationList = 7B934AD12C063B0A00185089 /* Build configuration list for PBXProject "NutriMate_v1" */;
			compatibilityVersion = "Xcode 14.0";
			developmentRegion = en;
			hasScannedForEncodings = 0;
			knownRegions = (
				en,
				Base,
			);
			mainGroup = 7B934ACD2C063B0A00185089;
			packageReferences = (
				7B5F6A452C0F56CD00A34CCD /* XCRemoteSwiftPackageReference "OpenAISwift" */,
				7B5F6A482C0F8EC400A34CCD /* XCRemoteSwiftPackageReference "OpenAI" */,
				7B5F6A512C0FA1F000A34CCD /* XCRemoteSwiftPackageReference "generative-ai-swift" */,
			);
			productRefGroup = 7B934AD72C063B0A00185089 /* Products */;
			projectDirPath = "";
			projectRoot = "";
			targets = (
				7B934AD52C063B0A00185089 /* NutriMate_v1 */,
				046327112C107A11006982CF /* MacOS */,
			);
		};
/* End PBXProject section */

/* Begin PBXResourcesBuildPhase section */
		046327102C107A11006982CF /* Resources */ = {
			isa = PBXResourcesBuildPhase;
			buildActionMask = 2147483647;
			files = (
				0463271C2C107A13006982CF /* Preview Assets.xcassets in Resources */,
				046327272C1081CD006982CF /* Assets.xcassets in Resources */,
				7B3AB89D2C12B82C005E4D81 /* GenerativeAI-Info.plist in Resources */,
				046327192C107A13006982CF /* Assets.xcassets in Resources */,
			);
			runOnlyForDeploymentPostprocessing = 0;
		};
		7B934AD42C063B0A00185089 /* Resources */ = {
			isa = PBXResourcesBuildPhase;
			buildActionMask = 2147483647;
			files = (
				7B934AE22C063B0C00185089 /* Preview Assets.xcassets in Resources */,
				7B934ADE2C063B0C00185089 /* Assets.xcassets in Resources */,
				7B5F6A4E2C0F9F8400A34CCD /* GenerativeAI-Info.plist in Resources */,
			);
			runOnlyForDeploymentPostprocessing = 0;
		};
/* End PBXResourcesBuildPhase section */

/* Begin PBXSourcesBuildPhase section */
		0463270E2C107A11006982CF /* Sources */ = {
			isa = PBXSourcesBuildPhase;
			buildActionMask = 2147483647;
			files = (
				7B3AB8AE2C1304EA005E4D81 /* DailyStatsRepository.swift in Sources */,
				7B3AB8AF2C1304EA005E4D81 /* ProfileViewModel.swift in Sources */,
				7B3AB8B02C1304EA005E4D81 /* RecipeRepository.swift in Sources */,
				7B3AB8B12C1304EA005E4D81 /* ListsRecipeViewModel.swift in Sources */,
				046327172C107A11006982CF /* ContentView.swift in Sources */,
				046327222C107A6B006982CF /* MacHomepageView.swift in Sources */,
				7B3AB89E2C12B82F005E4D81 /* APIKey.swift in Sources */,
				046327232C107A6B006982CF /* MacListsRecipe.swift in Sources */,
				0497132F2C1341AC00EDA501 /* Helper.swift in Sources */,
				7B3AB8A82C1304E2005E4D81 /* DailyStats.swift in Sources */,
				7B3AB8A92C1304E2005E4D81 /* User.swift in Sources */,
				7B3AB8AA2C1304E2005E4D81 /* ModelContainers.swift in Sources */,
				7B3AB8AB2C1304E2005E4D81 /* Recipe.swift in Sources */,
				7B3AB8AC2C1304E2005E4D81 /* AIResponse.swift in Sources */,
				7B3AB8AD2C1304E2005E4D81 /* CalorieManager.swift in Sources */,
				046327242C107A6B006982CF /* MacDetailRecipe.swift in Sources */,
				7B3AB8B22C130CE2005E4D81 /* DietPlanBenefitsView.swift in Sources */,
				046D15C02C119E8000A79179 /* SidebarView.swift in Sources */,
				046327152C107A11006982CF /* MacOSApp.swift in Sources */,
				046327212C107A67006982CF /* MacProfileView.swift in Sources */,
				7B8AB3812C129FE60017EDA7 /* MacDetailsRecipe.swift in Sources */,
			);
			runOnlyForDeploymentPostprocessing = 0;
		};
		7B934AD22C063B0A00185089 /* Sources */ = {
			isa = PBXSourcesBuildPhase;
			buildActionMask = 2147483647;
			files = (
				04EE86402C10530400DD182E /* ModelContainers.swift in Sources */,
				046C9F022C09783F00B2200E /* ProfileView.swift in Sources */,
				04EE86382C10379900DD182E /* ListsRecipeViewModel.swift in Sources */,
				7BA47D8B2C0DB40C007854FB /* DetailRecipe.swift in Sources */,
				04EE86362C10363800DD182E /* RecipeRepository.swift in Sources */,
				7B5F6A442C0F501200A34CCD /* AIResponse.swift in Sources */,
				7B5F6A502C0F9FE000A34CCD /* APIKey.swift in Sources */,
				0497132E2C13419B00EDA501 /* Helper.swift in Sources */,
				0483DC012C0851E700810FAB /* ScreenSizeDetector.swift in Sources */,
				7B934ADC2C063B0A00185089 /* ContentView.swift in Sources */,
				04EE863C2C10382B00DD182E /* DailyStatsRepository.swift in Sources */,
				7B1E89C02C123D580069038C /* CalorieManager.swift in Sources */,
				7B934AF82C06427B00185089 /* iOSHomepageView.swift in Sources */,
				7B3AB8A72C12F413005E4D81 /* DietPlanBenefitsView.swift in Sources */,
				3FEF106D2C083B20003A5F72 /* User.swift in Sources */,
				7B934AEB2C063F9000185089 /* DailyStats.swift in Sources */,
				3FEF10732C083F8C003A5F72 /* ListsRecipe.swift in Sources */,
				7B934ADA2C063B0A00185089 /* NutriMate_v1App.swift in Sources */,
				04EE863A2C1037FD00DD182E /* ProfileViewModel.swift in Sources */,
				7B934AED2C06401800185089 /* Recipe.swift in Sources */,
			);
			runOnlyForDeploymentPostprocessing = 0;
		};
/* End PBXSourcesBuildPhase section */

/* Begin XCBuildConfiguration section */
		0463271F2C107A13006982CF /* Debug */ = {
			isa = XCBuildConfiguration;
			buildSettings = {
				ASSETCATALOG_COMPILER_APPICON_NAME = AppIcon;
				ASSETCATALOG_COMPILER_GLOBAL_ACCENT_COLOR_NAME = AccentColor;
				CODE_SIGN_ENTITLEMENTS = MacOS/MacOS.entitlements;
				CODE_SIGN_STYLE = Automatic;
				COMBINE_HIDPI_IMAGES = YES;
				CURRENT_PROJECT_VERSION = 1;
				DEVELOPMENT_ASSET_PATHS = "\"MacOS/Preview Content\"";
				ENABLE_PREVIEWS = YES;
				GENERATE_INFOPLIST_FILE = YES;
				INFOPLIST_KEY_NSHumanReadableCopyright = "";
				LD_RUNPATH_SEARCH_PATHS = (
					"$(inherited)",
					"@executable_path/../Frameworks",
				);
				MACOSX_DEPLOYMENT_TARGET = 14.4;
				MARKETING_VERSION = 1.0;
				PRODUCT_BUNDLE_IDENTIFIER = banthony.MacOS;
				PRODUCT_NAME = "$(TARGET_NAME)";
				SDKROOT = macosx;
				SWIFT_EMIT_LOC_STRINGS = YES;
				SWIFT_VERSION = 5.0;
			};
			name = Debug;
		};
		046327202C107A13006982CF /* Release */ = {
			isa = XCBuildConfiguration;
			buildSettings = {
				ASSETCATALOG_COMPILER_APPICON_NAME = AppIcon;
				ASSETCATALOG_COMPILER_GLOBAL_ACCENT_COLOR_NAME = AccentColor;
				CODE_SIGN_ENTITLEMENTS = MacOS/MacOS.entitlements;
				CODE_SIGN_STYLE = Automatic;
				COMBINE_HIDPI_IMAGES = YES;
				CURRENT_PROJECT_VERSION = 1;
				DEVELOPMENT_ASSET_PATHS = "\"MacOS/Preview Content\"";
				ENABLE_PREVIEWS = YES;
				GENERATE_INFOPLIST_FILE = YES;
				INFOPLIST_KEY_NSHumanReadableCopyright = "";
				LD_RUNPATH_SEARCH_PATHS = (
					"$(inherited)",
					"@executable_path/../Frameworks",
				);
				MACOSX_DEPLOYMENT_TARGET = 14.4;
				MARKETING_VERSION = 1.0;
				PRODUCT_BUNDLE_IDENTIFIER = banthony.MacOS;
				PRODUCT_NAME = "$(TARGET_NAME)";
				SDKROOT = macosx;
				SWIFT_EMIT_LOC_STRINGS = YES;
				SWIFT_VERSION = 5.0;
			};
			name = Release;
		};
		7B934AE32C063B0C00185089 /* Debug */ = {
			isa = XCBuildConfiguration;
			buildSettings = {
				ALWAYS_SEARCH_USER_PATHS = NO;
				ASSETCATALOG_COMPILER_GENERATE_SWIFT_ASSET_SYMBOL_EXTENSIONS = YES;
				CLANG_ANALYZER_NONNULL = YES;
				CLANG_ANALYZER_NUMBER_OBJECT_CONVERSION = YES_AGGRESSIVE;
				CLANG_CXX_LANGUAGE_STANDARD = "gnu++20";
				CLANG_ENABLE_MODULES = YES;
				CLANG_ENABLE_OBJC_ARC = YES;
				CLANG_ENABLE_OBJC_WEAK = YES;
				CLANG_WARN_BLOCK_CAPTURE_AUTORELEASING = YES;
				CLANG_WARN_BOOL_CONVERSION = YES;
				CLANG_WARN_COMMA = YES;
				CLANG_WARN_CONSTANT_CONVERSION = YES;
				CLANG_WARN_DEPRECATED_OBJC_IMPLEMENTATIONS = YES;
				CLANG_WARN_DIRECT_OBJC_ISA_USAGE = YES_ERROR;
				CLANG_WARN_DOCUMENTATION_COMMENTS = YES;
				CLANG_WARN_EMPTY_BODY = YES;
				CLANG_WARN_ENUM_CONVERSION = YES;
				CLANG_WARN_INFINITE_RECURSION = YES;
				CLANG_WARN_INT_CONVERSION = YES;
				CLANG_WARN_NON_LITERAL_NULL_CONVERSION = YES;
				CLANG_WARN_OBJC_IMPLICIT_RETAIN_SELF = YES;
				CLANG_WARN_OBJC_LITERAL_CONVERSION = YES;
				CLANG_WARN_OBJC_ROOT_CLASS = YES_ERROR;
				CLANG_WARN_QUOTED_INCLUDE_IN_FRAMEWORK_HEADER = YES;
				CLANG_WARN_RANGE_LOOP_ANALYSIS = YES;
				CLANG_WARN_STRICT_PROTOTYPES = YES;
				CLANG_WARN_SUSPICIOUS_MOVE = YES;
				CLANG_WARN_UNGUARDED_AVAILABILITY = YES_AGGRESSIVE;
				CLANG_WARN_UNREACHABLE_CODE = YES;
				CLANG_WARN__DUPLICATE_METHOD_MATCH = YES;
				COPY_PHASE_STRIP = NO;
				DEBUG_INFORMATION_FORMAT = dwarf;
				ENABLE_STRICT_OBJC_MSGSEND = YES;
				ENABLE_TESTABILITY = YES;
				ENABLE_USER_SCRIPT_SANDBOXING = YES;
				GCC_C_LANGUAGE_STANDARD = gnu17;
				GCC_DYNAMIC_NO_PIC = NO;
				GCC_NO_COMMON_BLOCKS = YES;
				GCC_OPTIMIZATION_LEVEL = 0;
				GCC_PREPROCESSOR_DEFINITIONS = (
					"DEBUG=1",
					"$(inherited)",
				);
				GCC_WARN_64_TO_32_BIT_CONVERSION = YES;
				GCC_WARN_ABOUT_RETURN_TYPE = YES_ERROR;
				GCC_WARN_UNDECLARED_SELECTOR = YES;
				GCC_WARN_UNINITIALIZED_AUTOS = YES_AGGRESSIVE;
				GCC_WARN_UNUSED_FUNCTION = YES;
				GCC_WARN_UNUSED_VARIABLE = YES;
				LOCALIZATION_PREFERS_STRING_CATALOGS = YES;
				MTL_ENABLE_DEBUG_INFO = INCLUDE_SOURCE;
				MTL_FAST_MATH = YES;
				ONLY_ACTIVE_ARCH = YES;
				SWIFT_ACTIVE_COMPILATION_CONDITIONS = "DEBUG $(inherited)";
				SWIFT_OPTIMIZATION_LEVEL = "-Onone";
			};
			name = Debug;
		};
		7B934AE42C063B0C00185089 /* Release */ = {
			isa = XCBuildConfiguration;
			buildSettings = {
				ALWAYS_SEARCH_USER_PATHS = NO;
				ASSETCATALOG_COMPILER_GENERATE_SWIFT_ASSET_SYMBOL_EXTENSIONS = YES;
				CLANG_ANALYZER_NONNULL = YES;
				CLANG_ANALYZER_NUMBER_OBJECT_CONVERSION = YES_AGGRESSIVE;
				CLANG_CXX_LANGUAGE_STANDARD = "gnu++20";
				CLANG_ENABLE_MODULES = YES;
				CLANG_ENABLE_OBJC_ARC = YES;
				CLANG_ENABLE_OBJC_WEAK = YES;
				CLANG_WARN_BLOCK_CAPTURE_AUTORELEASING = YES;
				CLANG_WARN_BOOL_CONVERSION = YES;
				CLANG_WARN_COMMA = YES;
				CLANG_WARN_CONSTANT_CONVERSION = YES;
				CLANG_WARN_DEPRECATED_OBJC_IMPLEMENTATIONS = YES;
				CLANG_WARN_DIRECT_OBJC_ISA_USAGE = YES_ERROR;
				CLANG_WARN_DOCUMENTATION_COMMENTS = YES;
				CLANG_WARN_EMPTY_BODY = YES;
				CLANG_WARN_ENUM_CONVERSION = YES;
				CLANG_WARN_INFINITE_RECURSION = YES;
				CLANG_WARN_INT_CONVERSION = YES;
				CLANG_WARN_NON_LITERAL_NULL_CONVERSION = YES;
				CLANG_WARN_OBJC_IMPLICIT_RETAIN_SELF = YES;
				CLANG_WARN_OBJC_LITERAL_CONVERSION = YES;
				CLANG_WARN_OBJC_ROOT_CLASS = YES_ERROR;
				CLANG_WARN_QUOTED_INCLUDE_IN_FRAMEWORK_HEADER = YES;
				CLANG_WARN_RANGE_LOOP_ANALYSIS = YES;
				CLANG_WARN_STRICT_PROTOTYPES = YES;
				CLANG_WARN_SUSPICIOUS_MOVE = YES;
				CLANG_WARN_UNGUARDED_AVAILABILITY = YES_AGGRESSIVE;
				CLANG_WARN_UNREACHABLE_CODE = YES;
				CLANG_WARN__DUPLICATE_METHOD_MATCH = YES;
				COPY_PHASE_STRIP = NO;
				DEBUG_INFORMATION_FORMAT = "dwarf-with-dsym";
				ENABLE_NS_ASSERTIONS = NO;
				ENABLE_STRICT_OBJC_MSGSEND = YES;
				ENABLE_USER_SCRIPT_SANDBOXING = YES;
				GCC_C_LANGUAGE_STANDARD = gnu17;
				GCC_NO_COMMON_BLOCKS = YES;
				GCC_WARN_64_TO_32_BIT_CONVERSION = YES;
				GCC_WARN_ABOUT_RETURN_TYPE = YES_ERROR;
				GCC_WARN_UNDECLARED_SELECTOR = YES;
				GCC_WARN_UNINITIALIZED_AUTOS = YES_AGGRESSIVE;
				GCC_WARN_UNUSED_FUNCTION = YES;
				GCC_WARN_UNUSED_VARIABLE = YES;
				LOCALIZATION_PREFERS_STRING_CATALOGS = YES;
				MTL_ENABLE_DEBUG_INFO = NO;
				MTL_FAST_MATH = YES;
				SWIFT_COMPILATION_MODE = wholemodule;
			};
			name = Release;
		};
		7B934AE62C063B0C00185089 /* Debug */ = {
			isa = XCBuildConfiguration;
			buildSettings = {
				ASSETCATALOG_COMPILER_APPICON_NAME = AppIcon;
				ASSETCATALOG_COMPILER_GLOBAL_ACCENT_COLOR_NAME = AccentColor;
				CODE_SIGN_ENTITLEMENTS = NutriMate_v1/NutriMate_v1.entitlements;
				CODE_SIGN_STYLE = Automatic;
				CURRENT_PROJECT_VERSION = 1;
				DEVELOPMENT_ASSET_PATHS = "\"NutriMate_v1/Preview Content\"";
				DEVELOPMENT_TEAM = "";
				ENABLE_HARDENED_RUNTIME = YES;
				ENABLE_PREVIEWS = YES;
				GENERATE_INFOPLIST_FILE = YES;
				"INFOPLIST_KEY_UIApplicationSceneManifest_Generation[sdk=iphoneos*]" = YES;
				"INFOPLIST_KEY_UIApplicationSceneManifest_Generation[sdk=iphonesimulator*]" = YES;
				"INFOPLIST_KEY_UIApplicationSupportsIndirectInputEvents[sdk=iphoneos*]" = YES;
				"INFOPLIST_KEY_UIApplicationSupportsIndirectInputEvents[sdk=iphonesimulator*]" = YES;
				"INFOPLIST_KEY_UILaunchScreen_Generation[sdk=iphoneos*]" = YES;
				"INFOPLIST_KEY_UILaunchScreen_Generation[sdk=iphonesimulator*]" = YES;
				"INFOPLIST_KEY_UIStatusBarStyle[sdk=iphoneos*]" = UIStatusBarStyleDefault;
				"INFOPLIST_KEY_UIStatusBarStyle[sdk=iphonesimulator*]" = UIStatusBarStyleDefault;
				INFOPLIST_KEY_UISupportedInterfaceOrientations_iPad = "UIInterfaceOrientationPortrait UIInterfaceOrientationPortraitUpsideDown UIInterfaceOrientationLandscapeLeft UIInterfaceOrientationLandscapeRight";
				INFOPLIST_KEY_UISupportedInterfaceOrientations_iPhone = "UIInterfaceOrientationPortrait UIInterfaceOrientationLandscapeLeft UIInterfaceOrientationLandscapeRight";
				IPHONEOS_DEPLOYMENT_TARGET = 17.4;
				LD_RUNPATH_SEARCH_PATHS = "@executable_path/Frameworks";
				"LD_RUNPATH_SEARCH_PATHS[sdk=macosx*]" = "@executable_path/../Frameworks";
				MACOSX_DEPLOYMENT_TARGET = 14.4;
				MARKETING_VERSION = 1.0;
				PRODUCT_BUNDLE_IDENTIFIER = "com.jorenandfriends.NutriMate-v1";
				PRODUCT_NAME = "$(TARGET_NAME)";
				SDKROOT = auto;
				SUPPORTED_PLATFORMS = "iphoneos iphonesimulator macosx";
				SWIFT_EMIT_LOC_STRINGS = YES;
				SWIFT_VERSION = 5.0;
				TARGETED_DEVICE_FAMILY = "1,2";
			};
			name = Debug;
		};
		7B934AE72C063B0C00185089 /* Release */ = {
			isa = XCBuildConfiguration;
			buildSettings = {
				ASSETCATALOG_COMPILER_APPICON_NAME = AppIcon;
				ASSETCATALOG_COMPILER_GLOBAL_ACCENT_COLOR_NAME = AccentColor;
				CODE_SIGN_ENTITLEMENTS = NutriMate_v1/NutriMate_v1.entitlements;
				CODE_SIGN_STYLE = Automatic;
				CURRENT_PROJECT_VERSION = 1;
				DEVELOPMENT_ASSET_PATHS = "\"NutriMate_v1/Preview Content\"";
				DEVELOPMENT_TEAM = "";
				ENABLE_HARDENED_RUNTIME = YES;
				ENABLE_PREVIEWS = YES;
				GENERATE_INFOPLIST_FILE = YES;
				"INFOPLIST_KEY_UIApplicationSceneManifest_Generation[sdk=iphoneos*]" = YES;
				"INFOPLIST_KEY_UIApplicationSceneManifest_Generation[sdk=iphonesimulator*]" = YES;
				"INFOPLIST_KEY_UIApplicationSupportsIndirectInputEvents[sdk=iphoneos*]" = YES;
				"INFOPLIST_KEY_UIApplicationSupportsIndirectInputEvents[sdk=iphonesimulator*]" = YES;
				"INFOPLIST_KEY_UILaunchScreen_Generation[sdk=iphoneos*]" = YES;
				"INFOPLIST_KEY_UILaunchScreen_Generation[sdk=iphonesimulator*]" = YES;
				"INFOPLIST_KEY_UIStatusBarStyle[sdk=iphoneos*]" = UIStatusBarStyleDefault;
				"INFOPLIST_KEY_UIStatusBarStyle[sdk=iphonesimulator*]" = UIStatusBarStyleDefault;
				INFOPLIST_KEY_UISupportedInterfaceOrientations_iPad = "UIInterfaceOrientationPortrait UIInterfaceOrientationPortraitUpsideDown UIInterfaceOrientationLandscapeLeft UIInterfaceOrientationLandscapeRight";
				INFOPLIST_KEY_UISupportedInterfaceOrientations_iPhone = "UIInterfaceOrientationPortrait UIInterfaceOrientationLandscapeLeft UIInterfaceOrientationLandscapeRight";
				IPHONEOS_DEPLOYMENT_TARGET = 17.4;
				LD_RUNPATH_SEARCH_PATHS = "@executable_path/Frameworks";
				"LD_RUNPATH_SEARCH_PATHS[sdk=macosx*]" = "@executable_path/../Frameworks";
				MACOSX_DEPLOYMENT_TARGET = 14.4;
				MARKETING_VERSION = 1.0;
				PRODUCT_BUNDLE_IDENTIFIER = "com.jorenandfriends.NutriMate-v1";
				PRODUCT_NAME = "$(TARGET_NAME)";
				SDKROOT = auto;
				SUPPORTED_PLATFORMS = "iphoneos iphonesimulator macosx";
				SWIFT_EMIT_LOC_STRINGS = YES;
				SWIFT_VERSION = 5.0;
				TARGETED_DEVICE_FAMILY = "1,2";
			};
			name = Release;
		};
/* End XCBuildConfiguration section */

/* Begin XCConfigurationList section */
		0463271E2C107A13006982CF /* Build configuration list for PBXNativeTarget "MacOS" */ = {
			isa = XCConfigurationList;
			buildConfigurations = (
				0463271F2C107A13006982CF /* Debug */,
				046327202C107A13006982CF /* Release */,
			);
			defaultConfigurationIsVisible = 0;
			defaultConfigurationName = Release;
		};
		7B934AD12C063B0A00185089 /* Build configuration list for PBXProject "NutriMate_v1" */ = {
			isa = XCConfigurationList;
			buildConfigurations = (
				7B934AE32C063B0C00185089 /* Debug */,
				7B934AE42C063B0C00185089 /* Release */,
			);
			defaultConfigurationIsVisible = 0;
			defaultConfigurationName = Release;
		};
		7B934AE52C063B0C00185089 /* Build configuration list for PBXNativeTarget "NutriMate_v1" */ = {
			isa = XCConfigurationList;
			buildConfigurations = (
				7B934AE62C063B0C00185089 /* Debug */,
				7B934AE72C063B0C00185089 /* Release */,
			);
			defaultConfigurationIsVisible = 0;
			defaultConfigurationName = Release;
		};
/* End XCConfigurationList section */

/* Begin XCRemoteSwiftPackageReference section */
		7B5F6A452C0F56CD00A34CCD /* XCRemoteSwiftPackageReference "OpenAISwift" */ = {
			isa = XCRemoteSwiftPackageReference;
			repositoryURL = "https://github.com/adamrushy/OpenAISwift";
			requirement = {
				kind = exactVersion;
				version = 1.2.0;
			};
		};
		7B5F6A482C0F8EC400A34CCD /* XCRemoteSwiftPackageReference "OpenAI" */ = {
			isa = XCRemoteSwiftPackageReference;
			repositoryURL = "https://github.com/MacPaw/OpenAI.git";
			requirement = {
				kind = upToNextMajorVersion;
				minimumVersion = 0.2.9;
			};
		};
		7B5F6A512C0FA1F000A34CCD /* XCRemoteSwiftPackageReference "generative-ai-swift" */ = {
			isa = XCRemoteSwiftPackageReference;
			repositoryURL = "https://github.com/google-gemini/generative-ai-swift";
			requirement = {
				kind = upToNextMajorVersion;
				minimumVersion = 0.5.4;
			};
		};
/* End XCRemoteSwiftPackageReference section */

/* Begin XCSwiftPackageProductDependency section */
		7B3AB8A02C12B9CE005E4D81 /* OpenAISwift */ = {
			isa = XCSwiftPackageProductDependency;
			package = 7B5F6A452C0F56CD00A34CCD /* XCRemoteSwiftPackageReference "OpenAISwift" */;
			productName = OpenAISwift;
		};
		7B3AB8A22C12B9CE005E4D81 /* OpenAI */ = {
			isa = XCSwiftPackageProductDependency;
			package = 7B5F6A482C0F8EC400A34CCD /* XCRemoteSwiftPackageReference "OpenAI" */;
			productName = OpenAI;
		};
		7B3AB8A42C12B9CE005E4D81 /* GoogleGenerativeAI */ = {
			isa = XCSwiftPackageProductDependency;
			package = 7B5F6A512C0FA1F000A34CCD /* XCRemoteSwiftPackageReference "generative-ai-swift" */;
			productName = GoogleGenerativeAI;
		};
		7B5F6A462C0F56CE00A34CCD /* OpenAISwift */ = {
			isa = XCSwiftPackageProductDependency;
			package = 7B5F6A452C0F56CD00A34CCD /* XCRemoteSwiftPackageReference "OpenAISwift" */;
			productName = OpenAISwift;
		};
		7B5F6A492C0F8EC400A34CCD /* OpenAI */ = {
			isa = XCSwiftPackageProductDependency;
			package = 7B5F6A482C0F8EC400A34CCD /* XCRemoteSwiftPackageReference "OpenAI" */;
			productName = OpenAI;
		};
		7B5F6A522C0FA1F000A34CCD /* GoogleGenerativeAI */ = {
			isa = XCSwiftPackageProductDependency;
			package = 7B5F6A512C0FA1F000A34CCD /* XCRemoteSwiftPackageReference "generative-ai-swift" */;
			productName = GoogleGenerativeAI;
		};
/* End XCSwiftPackageProductDependency section */
	};
	rootObject = 7B934ACE2C063B0A00185089 /* Project object */;
}
