// !$*UTF8*$!
{
	archiveVersion = 1;
	classes = {
	};
	objectVersion = 56;
	objects = {

/* Begin PBXBuildFile section */
		0412C2C32C08354800E32B96 /* ListRecipe.swift in Sources */ = {isa = PBXBuildFile; fileRef = 0412C2C22C08354800E32B96 /* ListRecipe.swift */; };
		046C9F002C09702D00B2200E /* SplashScreen.swift in Sources */ = {isa = PBXBuildFile; fileRef = 046C9EFF2C09702D00B2200E /* SplashScreen.swift */; };
		046C9F022C09783F00B2200E /* ProfileView.swift in Sources */ = {isa = PBXBuildFile; fileRef = 046C9F012C09783F00B2200E /* ProfileView.swift */; };
		0483DC012C0851E700810FAB /* ScreenSizeDetector.swift in Sources */ = {isa = PBXBuildFile; fileRef = 0483DC002C0851E700810FAB /* ScreenSizeDetector.swift */; };
		3FEF106D2C083B20003A5F72 /* User.swift in Sources */ = {isa = PBXBuildFile; fileRef = 3FEF106C2C083B20003A5F72 /* User.swift */; };
		3FEF10732C083F8C003A5F72 /* ListsRecipe.swift in Sources */ = {isa = PBXBuildFile; fileRef = 3FEF10722C083F8C003A5F72 /* ListsRecipe.swift */; };
		7B5F6A442C0F501200A34CCD /* AIResponse.swift in Sources */ = {isa = PBXBuildFile; fileRef = 7B5F6A432C0F501200A34CCD /* AIResponse.swift */; };
		7B5F6A472C0F56CE00A34CCD /* OpenAISwift in Frameworks */ = {isa = PBXBuildFile; productRef = 7B5F6A462C0F56CE00A34CCD /* OpenAISwift */; };
		7B5F6A4A2C0F8EC400A34CCD /* OpenAI in Frameworks */ = {isa = PBXBuildFile; productRef = 7B5F6A492C0F8EC400A34CCD /* OpenAI */; };
		7B5F6A4E2C0F9F8400A34CCD /* GenerativeAI-Info.plist in Resources */ = {isa = PBXBuildFile; fileRef = 7B5F6A4D2C0F9F8400A34CCD /* GenerativeAI-Info.plist */; };
		7B5F6A502C0F9FE000A34CCD /* APIKey.swift in Sources */ = {isa = PBXBuildFile; fileRef = 7B5F6A4F2C0F9FE000A34CCD /* APIKey.swift */; };
		7B5F6A532C0FA1F000A34CCD /* GoogleGenerativeAI in Frameworks */ = {isa = PBXBuildFile; productRef = 7B5F6A522C0FA1F000A34CCD /* GoogleGenerativeAI */; };
		7B934ADA2C063B0A00185089 /* NutriMate_v1App.swift in Sources */ = {isa = PBXBuildFile; fileRef = 7B934AD92C063B0A00185089 /* NutriMate_v1App.swift */; };
		7B934ADC2C063B0A00185089 /* ContentView.swift in Sources */ = {isa = PBXBuildFile; fileRef = 7B934ADB2C063B0A00185089 /* ContentView.swift */; };
		7B934ADE2C063B0C00185089 /* Assets.xcassets in Resources */ = {isa = PBXBuildFile; fileRef = 7B934ADD2C063B0C00185089 /* Assets.xcassets */; };
		7B934AE22C063B0C00185089 /* Preview Assets.xcassets in Resources */ = {isa = PBXBuildFile; fileRef = 7B934AE12C063B0C00185089 /* Preview Assets.xcassets */; };
		7B934AEB2C063F9000185089 /* DailyStats.swift in Sources */ = {isa = PBXBuildFile; fileRef = 7B934AEA2C063F9000185089 /* DailyStats.swift */; };
		7B934AED2C06401800185089 /* Recipe.swift in Sources */ = {isa = PBXBuildFile; fileRef = 7B934AEC2C06401800185089 /* Recipe.swift */; };
		7B934AF52C06426C00185089 /* macOSHomepageView.swift in Sources */ = {isa = PBXBuildFile; fileRef = 7B934AF42C06426C00185089 /* macOSHomepageView.swift */; };
		7B934AF82C06427B00185089 /* iOSHomepageView.swift in Sources */ = {isa = PBXBuildFile; fileRef = 7B934AF72C06427B00185089 /* iOSHomepageView.swift */; };
		7BA47D8B2C0DB40C007854FB /* DetailRecipe.swift in Sources */ = {isa = PBXBuildFile; fileRef = 7BA47D8A2C0DB40C007854FB /* DetailRecipe.swift */; };
/* End PBXBuildFile section */

/* Begin PBXFileReference section */
		0412C2C22C08354800E32B96 /* ListRecipe.swift */ = {isa = PBXFileReference; lastKnownFileType = sourcecode.swift; path = ListRecipe.swift; sourceTree = "<group>"; };
		046C9EFF2C09702D00B2200E /* SplashScreen.swift */ = {isa = PBXFileReference; lastKnownFileType = sourcecode.swift; path = SplashScreen.swift; sourceTree = "<group>"; };
		046C9F012C09783F00B2200E /* ProfileView.swift */ = {isa = PBXFileReference; lastKnownFileType = sourcecode.swift; path = ProfileView.swift; sourceTree = "<group>"; };
		0483DC002C0851E700810FAB /* ScreenSizeDetector.swift */ = {isa = PBXFileReference; lastKnownFileType = sourcecode.swift; path = ScreenSizeDetector.swift; sourceTree = "<group>"; };
		3FEF106C2C083B20003A5F72 /* User.swift */ = {isa = PBXFileReference; lastKnownFileType = sourcecode.swift; path = User.swift; sourceTree = "<group>"; };
		3FEF10722C083F8C003A5F72 /* ListsRecipe.swift */ = {isa = PBXFileReference; lastKnownFileType = sourcecode.swift; path = ListsRecipe.swift; sourceTree = "<group>"; };
		7B5F6A432C0F501200A34CCD /* AIResponse.swift */ = {isa = PBXFileReference; lastKnownFileType = sourcecode.swift; path = AIResponse.swift; sourceTree = "<group>"; };
		7B5F6A4D2C0F9F8400A34CCD /* GenerativeAI-Info.plist */ = {isa = PBXFileReference; lastKnownFileType = text.plist.xml; path = "GenerativeAI-Info.plist"; sourceTree = "<group>"; };
		7B5F6A4F2C0F9FE000A34CCD /* APIKey.swift */ = {isa = PBXFileReference; lastKnownFileType = sourcecode.swift; path = APIKey.swift; sourceTree = "<group>"; };
		7B934AD62C063B0A00185089 /* NutriMate_v1.app */ = {isa = PBXFileReference; explicitFileType = wrapper.application; includeInIndex = 0; path = NutriMate_v1.app; sourceTree = BUILT_PRODUCTS_DIR; };
		7B934AD92C063B0A00185089 /* NutriMate_v1App.swift */ = {isa = PBXFileReference; lastKnownFileType = sourcecode.swift; path = NutriMate_v1App.swift; sourceTree = "<group>"; };
		7B934ADB2C063B0A00185089 /* ContentView.swift */ = {isa = PBXFileReference; lastKnownFileType = sourcecode.swift; path = ContentView.swift; sourceTree = "<group>"; };
		7B934ADD2C063B0C00185089 /* Assets.xcassets */ = {isa = PBXFileReference; lastKnownFileType = folder.assetcatalog; path = Assets.xcassets; sourceTree = "<group>"; };
		7B934ADF2C063B0C00185089 /* NutriMate_v1.entitlements */ = {isa = PBXFileReference; lastKnownFileType = text.plist.entitlements; path = NutriMate_v1.entitlements; sourceTree = "<group>"; };
		7B934AE12C063B0C00185089 /* Preview Assets.xcassets */ = {isa = PBXFileReference; lastKnownFileType = folder.assetcatalog; path = "Preview Assets.xcassets"; sourceTree = "<group>"; };
		7B934AEA2C063F9000185089 /* DailyStats.swift */ = {isa = PBXFileReference; lastKnownFileType = sourcecode.swift; path = DailyStats.swift; sourceTree = "<group>"; };
		7B934AEC2C06401800185089 /* Recipe.swift */ = {isa = PBXFileReference; lastKnownFileType = sourcecode.swift; path = Recipe.swift; sourceTree = "<group>"; };
		7B934AF42C06426C00185089 /* macOSHomepageView.swift */ = {isa = PBXFileReference; lastKnownFileType = sourcecode.swift; path = macOSHomepageView.swift; sourceTree = "<group>"; };
		7B934AF72C06427B00185089 /* iOSHomepageView.swift */ = {isa = PBXFileReference; lastKnownFileType = sourcecode.swift; path = iOSHomepageView.swift; sourceTree = "<group>"; };
		7BA47D8A2C0DB40C007854FB /* DetailRecipe.swift */ = {isa = PBXFileReference; lastKnownFileType = sourcecode.swift; path = DetailRecipe.swift; sourceTree = "<group>"; };
/* End PBXFileReference section */

/* Begin PBXFrameworksBuildPhase section */
		7B934AD32C063B0A00185089 /* Frameworks */ = {
			isa = PBXFrameworksBuildPhase;
			buildActionMask = 2147483647;
			files = (
				7B5F6A532C0FA1F000A34CCD /* GoogleGenerativeAI in Frameworks */,
				7B5F6A4A2C0F8EC400A34CCD /* OpenAI in Frameworks */,
				7B5F6A472C0F56CE00A34CCD /* OpenAISwift in Frameworks */,
			);
			runOnlyForDeploymentPostprocessing = 0;
		};
/* End PBXFrameworksBuildPhase section */

/* Begin PBXGroup section */
		04544C862C0C0DEC006106DA /* Controller */ = {
			isa = PBXGroup;
			children = (
			);
			path = Controller;
			sourceTree = "<group>";
		};
		7B934ACD2C063B0A00185089 = {
			isa = PBXGroup;
			children = (
				7B934AD82C063B0A00185089 /* NutriMate_v1 */,
				7B934AD72C063B0A00185089 /* Products */,
			);
			sourceTree = "<group>";
		};
		7B934AD72C063B0A00185089 /* Products */ = {
			isa = PBXGroup;
			children = (
				7B934AD62C063B0A00185089 /* NutriMate_v1.app */,
			);
			name = Products;
			sourceTree = "<group>";
		};
		7B934AD82C063B0A00185089 /* NutriMate_v1 */ = {
			isa = PBXGroup;
			children = (
				04544C862C0C0DEC006106DA /* Controller */,
				7B934AE82C063C9500185089 /* Model */,
				7B934AE92C063C9D00185089 /* View */,
				7B934AD92C063B0A00185089 /* NutriMate_v1App.swift */,
				7B934ADB2C063B0A00185089 /* ContentView.swift */,
				0483DC002C0851E700810FAB /* ScreenSizeDetector.swift */,
				7B934ADD2C063B0C00185089 /* Assets.xcassets */,
				7B934ADF2C063B0C00185089 /* NutriMate_v1.entitlements */,
				7B934AE02C063B0C00185089 /* Preview Content */,
				7B5F6A4D2C0F9F8400A34CCD /* GenerativeAI-Info.plist */,
				7B5F6A4F2C0F9FE000A34CCD /* APIKey.swift */,
			);
			path = NutriMate_v1;
			sourceTree = "<group>";
		};
		7B934AE02C063B0C00185089 /* Preview Content */ = {
			isa = PBXGroup;
			children = (
				7B934AE12C063B0C00185089 /* Preview Assets.xcassets */,
			);
			path = "Preview Content";
			sourceTree = "<group>";
		};
		7B934AE82C063C9500185089 /* Model */ = {
			isa = PBXGroup;
			children = (
				7B934AEA2C063F9000185089 /* DailyStats.swift */,
				7B934AEC2C06401800185089 /* Recipe.swift */,
				3FEF106C2C083B20003A5F72 /* User.swift */,
				7B5F6A432C0F501200A34CCD /* AIResponse.swift */,
			);
			path = Model;
			sourceTree = "<group>";
		};
		7B934AE92C063C9D00185089 /* View */ = {
			isa = PBXGroup;
			children = (
				7B934AEF2C06421900185089 /* iOS */,
				7B934AEE2C06421500185089 /* macOS */,
				0412C2C22C08354800E32B96 /* ListRecipe.swift */,
			);
			path = View;
			sourceTree = "<group>";
		};
		7B934AEE2C06421500185089 /* macOS */ = {
			isa = PBXGroup;
			children = (
				7B934AF42C06426C00185089 /* macOSHomepageView.swift */,
			);
			path = macOS;
			sourceTree = "<group>";
		};
		7B934AEF2C06421900185089 /* iOS */ = {
			isa = PBXGroup;
			children = (
				7B934AF72C06427B00185089 /* iOSHomepageView.swift */,
				3FEF10722C083F8C003A5F72 /* ListsRecipe.swift */,
				046C9EFF2C09702D00B2200E /* SplashScreen.swift */,
				046C9F012C09783F00B2200E /* ProfileView.swift */,
				7BA47D8A2C0DB40C007854FB /* DetailRecipe.swift */,
			);
			path = iOS;
			sourceTree = "<group>";
		};
/* End PBXGroup section */

/* Begin PBXNativeTarget section */
		7B934AD52C063B0A00185089 /* NutriMate_v1 */ = {
			isa = PBXNativeTarget;
			buildConfigurationList = 7B934AE52C063B0C00185089 /* Build configuration list for PBXNativeTarget "NutriMate_v1" */;
			buildPhases = (
				7B934AD22C063B0A00185089 /* Sources */,
				7B934AD32C063B0A00185089 /* Frameworks */,
				7B934AD42C063B0A00185089 /* Resources */,
			);
			buildRules = (
			);
			dependencies = (
			);
			name = NutriMate_v1;
			packageProductDependencies = (
				7B5F6A462C0F56CE00A34CCD /* OpenAISwift */,
				7B5F6A492C0F8EC400A34CCD /* OpenAI */,
				7B5F6A522C0FA1F000A34CCD /* GoogleGenerativeAI */,
			);
			productName = NutriMate_v1;
			productReference = 7B934AD62C063B0A00185089 /* NutriMate_v1.app */;
			productType = "com.apple.product-type.application";
		};
/* End PBXNativeTarget section */

/* Begin PBXProject section */
		7B934ACE2C063B0A00185089 /* Project object */ = {
			isa = PBXProject;
			attributes = {
				BuildIndependentTargetsInParallel = 1;
				LastSwiftUpdateCheck = 1530;
				LastUpgradeCheck = 1530;
				TargetAttributes = {
					7B934AD52C063B0A00185089 = {
						CreatedOnToolsVersion = 15.3;
					};
				};
			};
			buildConfigurationList = 7B934AD12C063B0A00185089 /* Build configuration list for PBXProject "NutriMate_v1" */;
			compatibilityVersion = "Xcode 14.0";
			developmentRegion = en;
			hasScannedForEncodings = 0;
			knownRegions = (
				en,
				Base,
			);
			mainGroup = 7B934ACD2C063B0A00185089;
			packageReferences = (
				7B5F6A452C0F56CD00A34CCD /* XCRemoteSwiftPackageReference "OpenAISwift" */,
				7B5F6A482C0F8EC400A34CCD /* XCRemoteSwiftPackageReference "OpenAI" */,
				7B5F6A512C0FA1F000A34CCD /* XCRemoteSwiftPackageReference "generative-ai-swift" */,
			);
			productRefGroup = 7B934AD72C063B0A00185089 /* Products */;
			projectDirPath = "";
			projectRoot = "";
			targets = (
				7B934AD52C063B0A00185089 /* NutriMate_v1 */,
			);
		};
/* End PBXProject section */

/* Begin PBXResourcesBuildPhase section */
		7B934AD42C063B0A00185089 /* Resources */ = {
			isa = PBXResourcesBuildPhase;
			buildActionMask = 2147483647;
			files = (
				7B934AE22C063B0C00185089 /* Preview Assets.xcassets in Resources */,
				7B934ADE2C063B0C00185089 /* Assets.xcassets in Resources */,
				7B5F6A4E2C0F9F8400A34CCD /* GenerativeAI-Info.plist in Resources */,
			);
			runOnlyForDeploymentPostprocessing = 0;
		};
/* End PBXResourcesBuildPhase section */

/* Begin PBXSourcesBuildPhase section */
		7B934AD22C063B0A00185089 /* Sources */ = {
			isa = PBXSourcesBuildPhase;
			buildActionMask = 2147483647;
			files = (
				046C9F002C09702D00B2200E /* SplashScreen.swift in Sources */,
				046C9F022C09783F00B2200E /* ProfileView.swift in Sources */,
				7B5F6A442C0F501200A34CCD /* AIResponse.swift in Sources */,
				7BA47D8B2C0DB40C007854FB /* DetailRecipe.swift in Sources */,
				7B5F6A502C0F9FE000A34CCD /* APIKey.swift in Sources */,
				0412C2C32C08354800E32B96 /* ListRecipe.swift in Sources */,
				0483DC012C0851E700810FAB /* ScreenSizeDetector.swift in Sources */,
				7B934AF52C06426C00185089 /* macOSHomepageView.swift in Sources */,
				7B934ADC2C063B0A00185089 /* ContentView.swift in Sources */,
				7B934AF82C06427B00185089 /* iOSHomepageView.swift in Sources */,
				3FEF106D2C083B20003A5F72 /* User.swift in Sources */,
				7B934AEB2C063F9000185089 /* DailyStats.swift in Sources */,
				3FEF10732C083F8C003A5F72 /* ListsRecipe.swift in Sources */,
				7B934ADA2C063B0A00185089 /* NutriMate_v1App.swift in Sources */,
				7B934AED2C06401800185089 /* Recipe.swift in Sources */,
			);
			runOnlyForDeploymentPostprocessing = 0;
		};
/* End PBXSourcesBuildPhase section */

/* Begin XCBuildConfiguration section */
		7B934AE32C063B0C00185089 /* Debug */ = {
			isa = XCBuildConfiguration;
			buildSettings = {
				ALWAYS_SEARCH_USER_PATHS = NO;
				ASSETCATALOG_COMPILER_GENERATE_SWIFT_ASSET_SYMBOL_EXTENSIONS = YES;
				CLANG_ANALYZER_NONNULL = YES;
				CLANG_ANALYZER_NUMBER_OBJECT_CONVERSION = YES_AGGRESSIVE;
				CLANG_CXX_LANGUAGE_STANDARD = "gnu++20";
				CLANG_ENABLE_MODULES = YES;
				CLANG_ENABLE_OBJC_ARC = YES;
				CLANG_ENABLE_OBJC_WEAK = YES;
				CLANG_WARN_BLOCK_CAPTURE_AUTORELEASING = YES;
				CLANG_WARN_BOOL_CONVERSION = YES;
				CLANG_WARN_COMMA = YES;
				CLANG_WARN_CONSTANT_CONVERSION = YES;
				CLANG_WARN_DEPRECATED_OBJC_IMPLEMENTATIONS = YES;
				CLANG_WARN_DIRECT_OBJC_ISA_USAGE = YES_ERROR;
				CLANG_WARN_DOCUMENTATION_COMMENTS = YES;
				CLANG_WARN_EMPTY_BODY = YES;
				CLANG_WARN_ENUM_CONVERSION = YES;
				CLANG_WARN_INFINITE_RECURSION = YES;
				CLANG_WARN_INT_CONVERSION = YES;
				CLANG_WARN_NON_LITERAL_NULL_CONVERSION = YES;
				CLANG_WARN_OBJC_IMPLICIT_RETAIN_SELF = YES;
				CLANG_WARN_OBJC_LITERAL_CONVERSION = YES;
				CLANG_WARN_OBJC_ROOT_CLASS = YES_ERROR;
				CLANG_WARN_QUOTED_INCLUDE_IN_FRAMEWORK_HEADER = YES;
				CLANG_WARN_RANGE_LOOP_ANALYSIS = YES;
				CLANG_WARN_STRICT_PROTOTYPES = YES;
				CLANG_WARN_SUSPICIOUS_MOVE = YES;
				CLANG_WARN_UNGUARDED_AVAILABILITY = YES_AGGRESSIVE;
				CLANG_WARN_UNREACHABLE_CODE = YES;
				CLANG_WARN__DUPLICATE_METHOD_MATCH = YES;
				COPY_PHASE_STRIP = NO;
				DEBUG_INFORMATION_FORMAT = dwarf;
				ENABLE_STRICT_OBJC_MSGSEND = YES;
				ENABLE_TESTABILITY = YES;
				ENABLE_USER_SCRIPT_SANDBOXING = YES;
				GCC_C_LANGUAGE_STANDARD = gnu17;
				GCC_DYNAMIC_NO_PIC = NO;
				GCC_NO_COMMON_BLOCKS = YES;
				GCC_OPTIMIZATION_LEVEL = 0;
				GCC_PREPROCESSOR_DEFINITIONS = (
					"DEBUG=1",
					"$(inherited)",
				);
				GCC_WARN_64_TO_32_BIT_CONVERSION = YES;
				GCC_WARN_ABOUT_RETURN_TYPE = YES_ERROR;
				GCC_WARN_UNDECLARED_SELECTOR = YES;
				GCC_WARN_UNINITIALIZED_AUTOS = YES_AGGRESSIVE;
				GCC_WARN_UNUSED_FUNCTION = YES;
				GCC_WARN_UNUSED_VARIABLE = YES;
				LOCALIZATION_PREFERS_STRING_CATALOGS = YES;
				MTL_ENABLE_DEBUG_INFO = INCLUDE_SOURCE;
				MTL_FAST_MATH = YES;
				ONLY_ACTIVE_ARCH = YES;
				SWIFT_ACTIVE_COMPILATION_CONDITIONS = "DEBUG $(inherited)";
				SWIFT_OPTIMIZATION_LEVEL = "-Onone";
			};
			name = Debug;
		};
		7B934AE42C063B0C00185089 /* Release */ = {
			isa = XCBuildConfiguration;
			buildSettings = {
				ALWAYS_SEARCH_USER_PATHS = NO;
				ASSETCATALOG_COMPILER_GENERATE_SWIFT_ASSET_SYMBOL_EXTENSIONS = YES;
				CLANG_ANALYZER_NONNULL = YES;
				CLANG_ANALYZER_NUMBER_OBJECT_CONVERSION = YES_AGGRESSIVE;
				CLANG_CXX_LANGUAGE_STANDARD = "gnu++20";
				CLANG_ENABLE_MODULES = YES;
				CLANG_ENABLE_OBJC_ARC = YES;
				CLANG_ENABLE_OBJC_WEAK = YES;
				CLANG_WARN_BLOCK_CAPTURE_AUTORELEASING = YES;
				CLANG_WARN_BOOL_CONVERSION = YES;
				CLANG_WARN_COMMA = YES;
				CLANG_WARN_CONSTANT_CONVERSION = YES;
				CLANG_WARN_DEPRECATED_OBJC_IMPLEMENTATIONS = YES;
				CLANG_WARN_DIRECT_OBJC_ISA_USAGE = YES_ERROR;
				CLANG_WARN_DOCUMENTATION_COMMENTS = YES;
				CLANG_WARN_EMPTY_BODY = YES;
				CLANG_WARN_ENUM_CONVERSION = YES;
				CLANG_WARN_INFINITE_RECURSION = YES;
				CLANG_WARN_INT_CONVERSION = YES;
				CLANG_WARN_NON_LITERAL_NULL_CONVERSION = YES;
				CLANG_WARN_OBJC_IMPLICIT_RETAIN_SELF = YES;
				CLANG_WARN_OBJC_LITERAL_CONVERSION = YES;
				CLANG_WARN_OBJC_ROOT_CLASS = YES_ERROR;
				CLANG_WARN_QUOTED_INCLUDE_IN_FRAMEWORK_HEADER = YES;
				CLANG_WARN_RANGE_LOOP_ANALYSIS = YES;
				CLANG_WARN_STRICT_PROTOTYPES = YES;
				CLANG_WARN_SUSPICIOUS_MOVE = YES;
				CLANG_WARN_UNGUARDED_AVAILABILITY = YES_AGGRESSIVE;
				CLANG_WARN_UNREACHABLE_CODE = YES;
				CLANG_WARN__DUPLICATE_METHOD_MATCH = YES;
				COPY_PHASE_STRIP = NO;
				DEBUG_INFORMATION_FORMAT = "dwarf-with-dsym";
				ENABLE_NS_ASSERTIONS = NO;
				ENABLE_STRICT_OBJC_MSGSEND = YES;
				ENABLE_USER_SCRIPT_SANDBOXING = YES;
				GCC_C_LANGUAGE_STANDARD = gnu17;
				GCC_NO_COMMON_BLOCKS = YES;
				GCC_WARN_64_TO_32_BIT_CONVERSION = YES;
				GCC_WARN_ABOUT_RETURN_TYPE = YES_ERROR;
				GCC_WARN_UNDECLARED_SELECTOR = YES;
				GCC_WARN_UNINITIALIZED_AUTOS = YES_AGGRESSIVE;
				GCC_WARN_UNUSED_FUNCTION = YES;
				GCC_WARN_UNUSED_VARIABLE = YES;
				LOCALIZATION_PREFERS_STRING_CATALOGS = YES;
				MTL_ENABLE_DEBUG_INFO = NO;
				MTL_FAST_MATH = YES;
				SWIFT_COMPILATION_MODE = wholemodule;
			};
			name = Release;
		};
		7B934AE62C063B0C00185089 /* Debug */ = {
			isa = XCBuildConfiguration;
			buildSettings = {
				ASSETCATALOG_COMPILER_APPICON_NAME = AppIcon;
				ASSETCATALOG_COMPILER_GLOBAL_ACCENT_COLOR_NAME = AccentColor;
				CODE_SIGN_ENTITLEMENTS = NutriMate_v1/NutriMate_v1.entitlements;
				CODE_SIGN_STYLE = Automatic;
				CURRENT_PROJECT_VERSION = 1;
				DEVELOPMENT_ASSET_PATHS = "\"NutriMate_v1/Preview Content\"";
				DEVELOPMENT_TEAM = "";
				ENABLE_HARDENED_RUNTIME = YES;
				ENABLE_PREVIEWS = YES;
				GENERATE_INFOPLIST_FILE = YES;
				"INFOPLIST_KEY_UIApplicationSceneManifest_Generation[sdk=iphoneos*]" = YES;
				"INFOPLIST_KEY_UIApplicationSceneManifest_Generation[sdk=iphonesimulator*]" = YES;
				"INFOPLIST_KEY_UIApplicationSupportsIndirectInputEvents[sdk=iphoneos*]" = YES;
				"INFOPLIST_KEY_UIApplicationSupportsIndirectInputEvents[sdk=iphonesimulator*]" = YES;
				"INFOPLIST_KEY_UILaunchScreen_Generation[sdk=iphoneos*]" = YES;
				"INFOPLIST_KEY_UILaunchScreen_Generation[sdk=iphonesimulator*]" = YES;
				"INFOPLIST_KEY_UIStatusBarStyle[sdk=iphoneos*]" = UIStatusBarStyleDefault;
				"INFOPLIST_KEY_UIStatusBarStyle[sdk=iphonesimulator*]" = UIStatusBarStyleDefault;
				INFOPLIST_KEY_UISupportedInterfaceOrientations_iPad = "UIInterfaceOrientationPortrait UIInterfaceOrientationPortraitUpsideDown UIInterfaceOrientationLandscapeLeft UIInterfaceOrientationLandscapeRight";
				INFOPLIST_KEY_UISupportedInterfaceOrientations_iPhone = "UIInterfaceOrientationPortrait UIInterfaceOrientationLandscapeLeft UIInterfaceOrientationLandscapeRight";
				IPHONEOS_DEPLOYMENT_TARGET = 17.4;
				LD_RUNPATH_SEARCH_PATHS = "@executable_path/Frameworks";
				"LD_RUNPATH_SEARCH_PATHS[sdk=macosx*]" = "@executable_path/../Frameworks";
				MACOSX_DEPLOYMENT_TARGET = 14.4;
				MARKETING_VERSION = 1.0;
				PRODUCT_BUNDLE_IDENTIFIER = "com.jorenandfriends.NutriMate-v1";
				PRODUCT_NAME = "$(TARGET_NAME)";
				SDKROOT = auto;
				SUPPORTED_PLATFORMS = "iphoneos iphonesimulator macosx";
				SWIFT_EMIT_LOC_STRINGS = YES;
				SWIFT_VERSION = 5.0;
				TARGETED_DEVICE_FAMILY = "1,2";
			};
			name = Debug;
		};
		7B934AE72C063B0C00185089 /* Release */ = {
			isa = XCBuildConfiguration;
			buildSettings = {
				ASSETCATALOG_COMPILER_APPICON_NAME = AppIcon;
				ASSETCATALOG_COMPILER_GLOBAL_ACCENT_COLOR_NAME = AccentColor;
				CODE_SIGN_ENTITLEMENTS = NutriMate_v1/NutriMate_v1.entitlements;
				CODE_SIGN_STYLE = Automatic;
				CURRENT_PROJECT_VERSION = 1;
				DEVELOPMENT_ASSET_PATHS = "\"NutriMate_v1/Preview Content\"";
				DEVELOPMENT_TEAM = "";
				ENABLE_HARDENED_RUNTIME = YES;
				ENABLE_PREVIEWS = YES;
				GENERATE_INFOPLIST_FILE = YES;
				"INFOPLIST_KEY_UIApplicationSceneManifest_Generation[sdk=iphoneos*]" = YES;
				"INFOPLIST_KEY_UIApplicationSceneManifest_Generation[sdk=iphonesimulator*]" = YES;
				"INFOPLIST_KEY_UIApplicationSupportsIndirectInputEvents[sdk=iphoneos*]" = YES;
				"INFOPLIST_KEY_UIApplicationSupportsIndirectInputEvents[sdk=iphonesimulator*]" = YES;
				"INFOPLIST_KEY_UILaunchScreen_Generation[sdk=iphoneos*]" = YES;
				"INFOPLIST_KEY_UILaunchScreen_Generation[sdk=iphonesimulator*]" = YES;
				"INFOPLIST_KEY_UIStatusBarStyle[sdk=iphoneos*]" = UIStatusBarStyleDefault;
				"INFOPLIST_KEY_UIStatusBarStyle[sdk=iphonesimulator*]" = UIStatusBarStyleDefault;
				INFOPLIST_KEY_UISupportedInterfaceOrientations_iPad = "UIInterfaceOrientationPortrait UIInterfaceOrientationPortraitUpsideDown UIInterfaceOrientationLandscapeLeft UIInterfaceOrientationLandscapeRight";
				INFOPLIST_KEY_UISupportedInterfaceOrientations_iPhone = "UIInterfaceOrientationPortrait UIInterfaceOrientationLandscapeLeft UIInterfaceOrientationLandscapeRight";
				IPHONEOS_DEPLOYMENT_TARGET = 17.4;
				LD_RUNPATH_SEARCH_PATHS = "@executable_path/Frameworks";
				"LD_RUNPATH_SEARCH_PATHS[sdk=macosx*]" = "@executable_path/../Frameworks";
				MACOSX_DEPLOYMENT_TARGET = 14.4;
				MARKETING_VERSION = 1.0;
				PRODUCT_BUNDLE_IDENTIFIER = "com.jorenandfriends.NutriMate-v1";
				PRODUCT_NAME = "$(TARGET_NAME)";
				SDKROOT = auto;
				SUPPORTED_PLATFORMS = "iphoneos iphonesimulator macosx";
				SWIFT_EMIT_LOC_STRINGS = YES;
				SWIFT_VERSION = 5.0;
				TARGETED_DEVICE_FAMILY = "1,2";
			};
			name = Release;
		};
/* End XCBuildConfiguration section */

/* Begin XCConfigurationList section */
		7B934AD12C063B0A00185089 /* Build configuration list for PBXProject "NutriMate_v1" */ = {
			isa = XCConfigurationList;
			buildConfigurations = (
				7B934AE32C063B0C00185089 /* Debug */,
				7B934AE42C063B0C00185089 /* Release */,
			);
			defaultConfigurationIsVisible = 0;
			defaultConfigurationName = Release;
		};
		7B934AE52C063B0C00185089 /* Build configuration list for PBXNativeTarget "NutriMate_v1" */ = {
			isa = XCConfigurationList;
			buildConfigurations = (
				7B934AE62C063B0C00185089 /* Debug */,
				7B934AE72C063B0C00185089 /* Release */,
			);
			defaultConfigurationIsVisible = 0;
			defaultConfigurationName = Release;
		};
/* End XCConfigurationList section */

/* Begin XCRemoteSwiftPackageReference section */
		7B5F6A452C0F56CD00A34CCD /* XCRemoteSwiftPackageReference "OpenAISwift" */ = {
			isa = XCRemoteSwiftPackageReference;
			repositoryURL = "https://github.com/adamrushy/OpenAISwift";
			requirement = {
				kind = exactVersion;
				version = 1.2.0;
			};
		};
		7B5F6A482C0F8EC400A34CCD /* XCRemoteSwiftPackageReference "OpenAI" */ = {
			isa = XCRemoteSwiftPackageReference;
			repositoryURL = "https://github.com/MacPaw/OpenAI.git";
			requirement = {
				kind = upToNextMajorVersion;
				minimumVersion = 0.2.9;
			};
		};
		7B5F6A512C0FA1F000A34CCD /* XCRemoteSwiftPackageReference "generative-ai-swift" */ = {
			isa = XCRemoteSwiftPackageReference;
			repositoryURL = "https://github.com/google-gemini/generative-ai-swift";
			requirement = {
				kind = upToNextMajorVersion;
				minimumVersion = 0.5.4;
			};
		};
/* End XCRemoteSwiftPackageReference section */

/* Begin XCSwiftPackageProductDependency section */
		7B5F6A462C0F56CE00A34CCD /* OpenAISwift */ = {
			isa = XCSwiftPackageProductDependency;
			package = 7B5F6A452C0F56CD00A34CCD /* XCRemoteSwiftPackageReference "OpenAISwift" */;
			productName = OpenAISwift;
		};
		7B5F6A492C0F8EC400A34CCD /* OpenAI */ = {
			isa = XCSwiftPackageProductDependency;
			package = 7B5F6A482C0F8EC400A34CCD /* XCRemoteSwiftPackageReference "OpenAI" */;
			productName = OpenAI;
		};
		7B5F6A522C0FA1F000A34CCD /* GoogleGenerativeAI */ = {
			isa = XCSwiftPackageProductDependency;
			package = 7B5F6A512C0FA1F000A34CCD /* XCRemoteSwiftPackageReference "generative-ai-swift" */;
			productName = GoogleGenerativeAI;
		};
/* End XCSwiftPackageProductDependency section */
	};
	rootObject = 7B934ACE2C063B0A00185089 /* Project object */;
}
