{
  "originHash" : "057d3ecfe8e594d3a2cb5940766e9c1f2eb163e17399ffb79d243d48bdd9d021",
  "pins" : [
    {
      "identity" : "generative-ai-swift",
      "kind" : "remoteSourceControl",
      "location" : "https://github.com/google-gemini/generative-ai-swift",
      "state" : {
        "revision" : "54784005b57c2235a7669e0c12e8dafa68f0ca5f",
        "version" : "0.5.4"
      }
    },
    {
      "identity" : "openai",
      "kind" : "remoteSourceControl",
      "location" : "https://github.com/MacPaw/OpenAI.git",
      "state" : {
        "revision" : "fd13a41e987004d14f1793c570721953a2767b03",
        "version" : "0.2.9"
      }
    },
    {
      "identity" : "openaiswift",
      "kind" : "remoteSourceControl",
      "location" : "https://github.com/adamrushy/OpenAISwift",
      "state" : {
        "revision" : "aeb19b0d5739fd6e3f568ccdb93376827e3cde0e",
        "version" : "1.2.0"
      }
    }
  ],
  "version" : 3
}
